
Microsoft Visual Studio Solution File, Format Version 12.00
# Visual Studio 15
VisualStudioVersion = 15.0.28307.902
MinimumVisualStudioVersion = 10.0.40219.1
Project("{FAE04EC0-301F-11D3-BF4B-00C04F79EFBC}") = "Handyman", "Handyman\Handyman.csproj", "{FDFEF324-D753-4F13-951D-B19DD0F03FC8}"
EndProject
Global
	GlobalSection(SolutionConfigurationPlatforms) = preSolution
		Debug|Any CPU = Debug|Any CPU
		Release|Any CPU = Release|Any CPU
	EndGlobalSection
	GlobalSection(ProjectConfigurationPlatforms) = postSolution
		{FDFEF324-D753-4F13-951D-B19DD0F03FC8}.Debug|Any CPU.ActiveCfg = Debug|Any CPU
		{FDFEF324-D753-4F13-951D-B19DD0F03FC8}.Debug|Any CPU.Build.0 = Debug|Any CPU
		{FDFEF324-D753-4F13-951D-B19DD0F03FC8}.Release|Any CPU.ActiveCfg = Release|Any CPU
		{FDFEF324-D753-4F13-951D-B19DD0F03FC8}.Release|Any CPU.Build.0 = Release|Any CPU
	EndGlobalSection
	GlobalSection(SolutionProperties) = preSolution
		HideSolutionNode = FALSE
	EndGlobalSection
	GlobalSection(ExtensibilityGlobals) = postSolution
		SolutionGuid = {2FB6B9CA-DD95-46C7-B84E-68D9F7E4A64E}
	EndGlobalSection
EndGlobal
